
Microsoft Visual Studio Solution File, Format Version 12.00
# Visual Studio Version 17
VisualStudioVersion = 17.5.002.0
MinimumVisualStudioVersion = 10.0.40219.1
Project("{9A19103F-16F7-4668-BE54-9A1E7A4F7556}") = "KakhetiStore", "KakhetiStore.csproj", "{12C9CB35-4D57-42E4-8DF2-5CA897AC8113}"
EndProject
Global
	GlobalSection(SolutionConfigurationPlatforms) = preSolution
		Debug|Any CPU = Debug|Any CPU
		Release|Any CPU = Release|Any CPU
	EndGlobalSection
	GlobalSection(ProjectConfigurationPlatforms) = postSolution
		{12C9CB35-4D57-42E4-8DF2-5CA897AC8113}.Debug|Any CPU.ActiveCfg = Debug|Any CPU
		{12C9CB35-4D57-42E4-8DF2-5CA897AC8113}.Debug|Any CPU.Build.0 = Debug|Any CPU
		{12C9CB35-4D57-42E4-8DF2-5CA897AC8113}.Release|Any CPU.ActiveCfg = Release|Any CPU
		{12C9CB35-4D57-42E4-8DF2-5CA897AC8113}.Release|Any CPU.Build.0 = Release|Any CPU
	EndGlobalSection
	GlobalSection(SolutionProperties) = preSolution
		HideSolutionNode = FALSE
	EndGlobalSection
	GlobalSection(ExtensibilityGlobals) = postSolution
		SolutionGuid = {05744FCB-AD41-49AD-A89F-2FD35A376C54}
	EndGlobalSection
EndGlobal
